
Microsoft Visual Studio Solution File, Format Version 12.00
# Visual Studio Version 16
VisualStudioVersion = 16.0.30330.147
MinimumVisualStudioVersion = 10.0.40219.1
Project("{9A19103F-16F7-4668-BE54-9A1E7A4F7556}") = "Book_list", "Book_list\Book_list.csproj", "{8C5256A8-F98F-4234-8BE4-B0F92D492298}"
EndProject
Global
	GlobalSection(SolutionConfigurationPlatforms) = preSolution
		Debug|Any CPU = Debug|Any CPU
		Release|Any CPU = Release|Any CPU
	EndGlobalSection
	GlobalSection(ProjectConfigurationPlatforms) = postSolution
		{8C5256A8-F98F-4234-8BE4-B0F92D492298}.Debug|Any CPU.ActiveCfg = Debug|Any CPU
		{8C5256A8-F98F-4234-8BE4-B0F92D492298}.Debug|Any CPU.Build.0 = Debug|Any CPU
		{8C5256A8-F98F-4234-8BE4-B0F92D492298}.Release|Any CPU.ActiveCfg = Release|Any CPU
		{8C5256A8-F98F-4234-8BE4-B0F92D492298}.Release|Any CPU.Build.0 = Release|Any CPU
	EndGlobalSection
	GlobalSection(SolutionProperties) = preSolution
		HideSolutionNode = FALSE
	EndGlobalSection
	GlobalSection(ExtensibilityGlobals) = postSolution
		SolutionGuid = {3DB39F6D-C054-4D91-AAD6-7FB9E9B69725}
	EndGlobalSection
EndGlobal
